
Microsoft Visual Studio Solution File, Format Version 12.00
# Visual Studio 15
Project("{FAE04EC0-301F-11D3-BF4B-00C04F79EFBC}") = "NewFeature", "NewFeature.csproj", "{29229FC8-87EB-43E9-BBA5-8A5C5175C2B6}"
EndProject
Global
	GlobalSection(SolutionConfigurationPlatforms) = preSolution
		Debug|anycpu = Debug|anycpu
		Release|anycpu = Release|anycpu
	EndGlobalSection
	GlobalSection(ProjectConfigurationPlatforms) = postSolution
		{29229FC8-87EB-43E9-BBA5-8A5C5175C2B6}.Debug|anycpu.ActiveCfg = Debug|anycpu
		{29229FC8-87EB-43E9-BBA5-8A5C5175C2B6}.Debug|anycpu.Build.0 = Debug|anycpu
		{29229FC8-87EB-43E9-BBA5-8A5C5175C2B6}.Release|anycpu.ActiveCfg = Release|anycpu
		{29229FC8-87EB-43E9-BBA5-8A5C5175C2B6}.Release|anycpu.Build.0 = Release|anycpu
	EndGlobalSection
EndGlobal
